{
  "name": "error-response-page",
  "lockfileVersion": 3,
  "requires": true,
  "packages": {
    "": {
      "dependencies": {
        "dfe-frontend": "^2.0.1",
        "govuk-frontend": "^5.3.1"
      }
    },
    "node_modules/dfe-frontend": {
      "version": "2.0.1",
      "resolved": "https://registry.npmjs.org/dfe-frontend/-/dfe-frontend-2.0.1.tgz",
      "integrity": "sha512-HwNu93gFPHKe0CvuXN9JAQrZIYsFa81IsY5kyt1AAV3zsLQpBXZQXnJyVPtbAZ+n0unV/Uimv3vHrGVHqzmxXA==",
      "dependencies": {
        "govuk-frontend": "^5.3.1"
      }
    },
    "node_modules/govuk-frontend": {
      "version": "5.14.0",
      "resolved": "https://registry.npmjs.org/govuk-frontend/-/govuk-frontend-5.14.0.tgz",
      "integrity": "sha512-MgfaXswIM6KpXS2T5gltEnzgVLgfM3UoE9+rYkhBiR0suaJ8Let31VZXQZqz9QhiPDbv28fW1nRjIyLujfZIBA==",
      "license": "MIT",
      "engines": {
        "node": ">= 4.2.0"
      }
    }
  }
}
